// !$*UTF8*$!
{
	archiveVersion = 1;
	classes = {
	};
	objectVersion = 56;
	objects = {

/* Begin PBXBuildFile section */
		0C07CE8C2B2CCAB400B14FC0 /* FlexifyApp.swift in Sources */ = {isa = PBXBuildFile; fileRef = 0C07CE8B2B2CCAB400B14FC0 /* FlexifyApp.swift */; };
		0C07CE8E2B2CCAB400B14FC0 /* ContentView.swift in Sources */ = {isa = PBXBuildFile; fileRef = 0C07CE8D2B2CCAB400B14FC0 /* ContentView.swift */; };
		0C07CE902B2CCAB600B14FC0 /* Assets.xcassets in Resources */ = {isa = PBXBuildFile; fileRef = 0C07CE8F2B2CCAB600B14FC0 /* Assets.xcassets */; };
		0C07CE932B2CCAB600B14FC0 /* Preview Assets.xcassets in Resources */ = {isa = PBXBuildFile; fileRef = 0C07CE922B2CCAB600B14FC0 /* Preview Assets.xcassets */; };
		0C07CE9B2B2CCCEB00B14FC0 /* QuickPoseCamera in Frameworks */ = {isa = PBXBuildFile; productRef = 0C07CE9A2B2CCCEB00B14FC0 /* QuickPoseCamera */; };
		0C07CE9D2B2CCCEB00B14FC0 /* QuickPoseCore in Frameworks */ = {isa = PBXBuildFile; productRef = 0C07CE9C2B2CCCEB00B14FC0 /* QuickPoseCore */; };
		0C07CE9F2B2CCCEB00B14FC0 /* QuickPoseMP in Frameworks */ = {isa = PBXBuildFile; productRef = 0C07CE9E2B2CCCEB00B14FC0 /* QuickPoseMP */; };
		0C07CEA12B2CCCEB00B14FC0 /* QuickPoseSwiftUI in Frameworks */ = {isa = PBXBuildFile; productRef = 0C07CEA02B2CCCEB00B14FC0 /* QuickPoseSwiftUI */; };
		0C07CEA62B2CCFBF00B14FC0 /* WelcomePage.swift in Sources */ = {isa = PBXBuildFile; fileRef = 0C07CEA52B2CCFBF00B14FC0 /* WelcomePage.swift */; };
		0C07CEA82B2CD12F00B14FC0 /* ExerciseListView.swift in Sources */ = {isa = PBXBuildFile; fileRef = 0C07CEA72B2CD12F00B14FC0 /* ExerciseListView.swift */; };
		0C07CEAA2B2CD25100B14FC0 /* ExerciseModel.swift in Sources */ = {isa = PBXBuildFile; fileRef = 0C07CEA92B2CD25100B14FC0 /* ExerciseModel.swift */; };
		0C07CEAC2B2CD64A00B14FC0 /* ExerciseListViewModel.swift in Sources */ = {isa = PBXBuildFile; fileRef = 0C07CEAB2B2CD64A00B14FC0 /* ExerciseListViewModel.swift */; };
		0C07CEAE2B2CD83300B14FC0 /* NetworkManager.swift in Sources */ = {isa = PBXBuildFile; fileRef = 0C07CEAD2B2CD83300B14FC0 /* NetworkManager.swift */; };
		0C07CEB02B2CD90200B14FC0 /* ExerciseView.swift in Sources */ = {isa = PBXBuildFile; fileRef = 0C07CEAF2B2CD90200B14FC0 /* ExerciseView.swift */; };
		0C07CEB22B2CD9B800B14FC0 /* ExerciseViewModel.swift in Sources */ = {isa = PBXBuildFile; fileRef = 0C07CEB12B2CD9B800B14FC0 /* ExerciseViewModel.swift */; };
/* End PBXBuildFile section */

/* Begin PBXFileReference section */
		0C07CE882B2CCAB400B14FC0 /* Flexify.app */ = {isa = PBXFileReference; explicitFileType = wrapper.application; includeInIndex = 0; path = Flexify.app; sourceTree = BUILT_PRODUCTS_DIR; };
		0C07CE8B2B2CCAB400B14FC0 /* FlexifyApp.swift */ = {isa = PBXFileReference; lastKnownFileType = sourcecode.swift; path = FlexifyApp.swift; sourceTree = "<group>"; };
		0C07CE8D2B2CCAB400B14FC0 /* ContentView.swift */ = {isa = PBXFileReference; lastKnownFileType = sourcecode.swift; path = ContentView.swift; sourceTree = "<group>"; };
		0C07CE8F2B2CCAB600B14FC0 /* Assets.xcassets */ = {isa = PBXFileReference; lastKnownFileType = folder.assetcatalog; path = Assets.xcassets; sourceTree = "<group>"; };
		0C07CE922B2CCAB600B14FC0 /* Preview Assets.xcassets */ = {isa = PBXFileReference; lastKnownFileType = folder.assetcatalog; path = "Preview Assets.xcassets"; sourceTree = "<group>"; };
		0C07CEA52B2CCFBF00B14FC0 /* WelcomePage.swift */ = {isa = PBXFileReference; lastKnownFileType = sourcecode.swift; path = WelcomePage.swift; sourceTree = "<group>"; };
		0C07CEA72B2CD12F00B14FC0 /* ExerciseListView.swift */ = {isa = PBXFileReference; lastKnownFileType = sourcecode.swift; path = ExerciseListView.swift; sourceTree = "<group>"; };
		0C07CEA92B2CD25100B14FC0 /* ExerciseModel.swift */ = {isa = PBXFileReference; lastKnownFileType = sourcecode.swift; path = ExerciseModel.swift; sourceTree = "<group>"; };
		0C07CEAB2B2CD64A00B14FC0 /* ExerciseListViewModel.swift */ = {isa = PBXFileReference; lastKnownFileType = sourcecode.swift; path = ExerciseListViewModel.swift; sourceTree = "<group>"; };
		0C07CEAD2B2CD83300B14FC0 /* NetworkManager.swift */ = {isa = PBXFileReference; lastKnownFileType = sourcecode.swift; path = NetworkManager.swift; sourceTree = "<group>"; };
		0C07CEAF2B2CD90200B14FC0 /* ExerciseView.swift */ = {isa = PBXFileReference; lastKnownFileType = sourcecode.swift; path = ExerciseView.swift; sourceTree = "<group>"; };
		0C07CEB12B2CD9B800B14FC0 /* ExerciseViewModel.swift */ = {isa = PBXFileReference; lastKnownFileType = sourcecode.swift; path = ExerciseViewModel.swift; sourceTree = "<group>"; };
/* End PBXFileReference section */

/* Begin PBXFrameworksBuildPhase section */
		0C07CE852B2CCAB400B14FC0 /* Frameworks */ = {
			isa = PBXFrameworksBuildPhase;
			buildActionMask = 2147483647;
			files = (
				0C07CE9D2B2CCCEB00B14FC0 /* QuickPoseCore in Frameworks */,
				0C07CE9F2B2CCCEB00B14FC0 /* QuickPoseMP in Frameworks */,
				0C07CE9B2B2CCCEB00B14FC0 /* QuickPoseCamera in Frameworks */,
				0C07CEA12B2CCCEB00B14FC0 /* QuickPoseSwiftUI in Frameworks */,
			);
			runOnlyForDeploymentPostprocessing = 0;
		};
/* End PBXFrameworksBuildPhase section */

/* Begin PBXGroup section */
		0C07CE7F2B2CCAB400B14FC0 = {
			isa = PBXGroup;
			children = (
				0C07CE8A2B2CCAB400B14FC0 /* Flexify */,
				0C07CE892B2CCAB400B14FC0 /* Products */,
			);
			sourceTree = "<group>";
		};
		0C07CE892B2CCAB400B14FC0 /* Products */ = {
			isa = PBXGroup;
			children = (
				0C07CE882B2CCAB400B14FC0 /* Flexify.app */,
			);
			name = Products;
			sourceTree = "<group>";
		};
		0C07CE8A2B2CCAB400B14FC0 /* Flexify */ = {
			isa = PBXGroup;
			children = (
				0C07CEA42B2CCFAB00B14FC0 /* ViewModel */,
				0C07CEA32B2CCF9E00B14FC0 /* View */,
				0C07CEA22B2CCF9900B14FC0 /* Model */,
				0C07CE8B2B2CCAB400B14FC0 /* FlexifyApp.swift */,
				0C07CE8D2B2CCAB400B14FC0 /* ContentView.swift */,
				0C07CE8F2B2CCAB600B14FC0 /* Assets.xcassets */,
				0C07CE912B2CCAB600B14FC0 /* Preview Content */,
			);
			path = Flexify;
			sourceTree = "<group>";
		};
		0C07CE912B2CCAB600B14FC0 /* Preview Content */ = {
			isa = PBXGroup;
			children = (
				0C07CE922B2CCAB600B14FC0 /* Preview Assets.xcassets */,
			);
			path = "Preview Content";
			sourceTree = "<group>";
		};
		0C07CEA22B2CCF9900B14FC0 /* Model */ = {
			isa = PBXGroup;
			children = (
				0C07CEA92B2CD25100B14FC0 /* ExerciseModel.swift */,
				0C07CEAD2B2CD83300B14FC0 /* NetworkManager.swift */,
			);
			path = Model;
			sourceTree = "<group>";
		};
		0C07CEA32B2CCF9E00B14FC0 /* View */ = {
			isa = PBXGroup;
			children = (
				0C07CEA52B2CCFBF00B14FC0 /* WelcomePage.swift */,
				0C07CEA72B2CD12F00B14FC0 /* ExerciseListView.swift */,
				0C07CEAF2B2CD90200B14FC0 /* ExerciseView.swift */,
			);
			path = View;
			sourceTree = "<group>";
		};
		0C07CEA42B2CCFAB00B14FC0 /* ViewModel */ = {
			isa = PBXGroup;
			children = (
				0C07CEAB2B2CD64A00B14FC0 /* ExerciseListViewModel.swift */,
				0C07CEB12B2CD9B800B14FC0 /* ExerciseViewModel.swift */,
			);
			path = ViewModel;
			sourceTree = "<group>";
		};
/* End PBXGroup section */

/* Begin PBXNativeTarget section */
		0C07CE872B2CCAB400B14FC0 /* Flexify */ = {
			isa = PBXNativeTarget;
			buildConfigurationList = 0C07CE962B2CCAB600B14FC0 /* Build configuration list for PBXNativeTarget "Flexify" */;
			buildPhases = (
				0C07CE842B2CCAB400B14FC0 /* Sources */,
				0C07CE852B2CCAB400B14FC0 /* Frameworks */,
				0C07CE862B2CCAB400B14FC0 /* Resources */,
			);
			buildRules = (
			);
			dependencies = (
			);
			name = Flexify;
			packageProductDependencies = (
				0C07CE9A2B2CCCEB00B14FC0 /* QuickPoseCamera */,
				0C07CE9C2B2CCCEB00B14FC0 /* QuickPoseCore */,
				0C07CE9E2B2CCCEB00B14FC0 /* QuickPoseMP */,
				0C07CEA02B2CCCEB00B14FC0 /* QuickPoseSwiftUI */,
			);
			productName = Flexify;
			productReference = 0C07CE882B2CCAB400B14FC0 /* Flexify.app */;
			productType = "com.apple.product-type.application";
		};
/* End PBXNativeTarget section */

/* Begin PBXProject section */
		0C07CE802B2CCAB400B14FC0 /* Project object */ = {
			isa = PBXProject;
			attributes = {
				BuildIndependentTargetsInParallel = 1;
				LastSwiftUpdateCheck = 1500;
				LastUpgradeCheck = 1500;
				TargetAttributes = {
					0C07CE872B2CCAB400B14FC0 = {
						CreatedOnToolsVersion = 15.0.1;
					};
				};
			};
			buildConfigurationList = 0C07CE832B2CCAB400B14FC0 /* Build configuration list for PBXProject "Flexify" */;
			compatibilityVersion = "Xcode 14.0";
			developmentRegion = en;
			hasScannedForEncodings = 0;
			knownRegions = (
				en,
				Base,
			);
			mainGroup = 0C07CE7F2B2CCAB400B14FC0;
			packageReferences = (
				0C07CE992B2CCCEB00B14FC0 /* XCRemoteSwiftPackageReference "quickpose-ios-sdk" */,
			);
			productRefGroup = 0C07CE892B2CCAB400B14FC0 /* Products */;
			projectDirPath = "";
			projectRoot = "";
			targets = (
				0C07CE872B2CCAB400B14FC0 /* Flexify */,
			);
		};
/* End PBXProject section */

/* Begin PBXResourcesBuildPhase section */
		0C07CE862B2CCAB400B14FC0 /* Resources */ = {
			isa = PBXResourcesBuildPhase;
			buildActionMask = 2147483647;
			files = (
				0C07CE932B2CCAB600B14FC0 /* Preview Assets.xcassets in Resources */,
				0C07CE902B2CCAB600B14FC0 /* Assets.xcassets in Resources */,
			);
			runOnlyForDeploymentPostprocessing = 0;
		};
/* End PBXResourcesBuildPhase section */

/* Begin PBXSourcesBuildPhase section */
		0C07CE842B2CCAB400B14FC0 /* Sources */ = {
			isa = PBXSourcesBuildPhase;
			buildActionMask = 2147483647;
			files = (
				0C07CEB02B2CD90200B14FC0 /* ExerciseView.swift in Sources */,
				0C07CEAC2B2CD64A00B14FC0 /* ExerciseListViewModel.swift in Sources */,
				0C07CEA82B2CD12F00B14FC0 /* ExerciseListView.swift in Sources */,
				0C07CEB22B2CD9B800B14FC0 /* ExerciseViewModel.swift in Sources */,
				0C07CEA62B2CCFBF00B14FC0 /* WelcomePage.swift in Sources */,
				0C07CEAE2B2CD83300B14FC0 /* NetworkManager.swift in Sources */,
				0C07CE8E2B2CCAB400B14FC0 /* ContentView.swift in Sources */,
				0C07CE8C2B2CCAB400B14FC0 /* FlexifyApp.swift in Sources */,
				0C07CEAA2B2CD25100B14FC0 /* ExerciseModel.swift in Sources */,
			);
			runOnlyForDeploymentPostprocessing = 0;
		};
/* End PBXSourcesBuildPhase section */

/* Begin XCBuildConfiguration section */
		0C07CE942B2CCAB600B14FC0 /* Debug */ = {
			isa = XCBuildConfiguration;
			buildSettings = {
				ALWAYS_SEARCH_USER_PATHS = NO;
				ASSETCATALOG_COMPILER_GENERATE_SWIFT_ASSET_SYMBOL_EXTENSIONS = YES;
				CLANG_ANALYZER_NONNULL = YES;
				CLANG_ANALYZER_NUMBER_OBJECT_CONVERSION = YES_AGGRESSIVE;
				CLANG_CXX_LANGUAGE_STANDARD = "gnu++20";
				CLANG_ENABLE_MODULES = YES;
				CLANG_ENABLE_OBJC_ARC = YES;
				CLANG_ENABLE_OBJC_WEAK = YES;
				CLANG_WARN_BLOCK_CAPTURE_AUTORELEASING = YES;
				CLANG_WARN_BOOL_CONVERSION = YES;
				CLANG_WARN_COMMA = YES;
				CLANG_WARN_CONSTANT_CONVERSION = YES;
				CLANG_WARN_DEPRECATED_OBJC_IMPLEMENTATIONS = YES;
				CLANG_WARN_DIRECT_OBJC_ISA_USAGE = YES_ERROR;
				CLANG_WARN_DOCUMENTATION_COMMENTS = YES;
				CLANG_WARN_EMPTY_BODY = YES;
				CLANG_WARN_ENUM_CONVERSION = YES;
				CLANG_WARN_INFINITE_RECURSION = YES;
				CLANG_WARN_INT_CONVERSION = YES;
				CLANG_WARN_NON_LITERAL_NULL_CONVERSION = YES;
				CLANG_WARN_OBJC_IMPLICIT_RETAIN_SELF = YES;
				CLANG_WARN_OBJC_LITERAL_CONVERSION = YES;
				CLANG_WARN_OBJC_ROOT_CLASS = YES_ERROR;
				CLANG_WARN_QUOTED_INCLUDE_IN_FRAMEWORK_HEADER = YES;
				CLANG_WARN_RANGE_LOOP_ANALYSIS = YES;
				CLANG_WARN_STRICT_PROTOTYPES = YES;
				CLANG_WARN_SUSPICIOUS_MOVE = YES;
				CLANG_WARN_UNGUARDED_AVAILABILITY = YES_AGGRESSIVE;
				CLANG_WARN_UNREACHABLE_CODE = YES;
				CLANG_WARN__DUPLICATE_METHOD_MATCH = YES;
				COPY_PHASE_STRIP = NO;
				DEBUG_INFORMATION_FORMAT = dwarf;
				ENABLE_STRICT_OBJC_MSGSEND = YES;
				ENABLE_TESTABILITY = YES;
				ENABLE_USER_SCRIPT_SANDBOXING = YES;
				GCC_C_LANGUAGE_STANDARD = gnu17;
				GCC_DYNAMIC_NO_PIC = NO;
				GCC_NO_COMMON_BLOCKS = YES;
				GCC_OPTIMIZATION_LEVEL = 0;
				GCC_PREPROCESSOR_DEFINITIONS = (
					"DEBUG=1",
					"$(inherited)",
				);
				GCC_WARN_64_TO_32_BIT_CONVERSION = YES;
				GCC_WARN_ABOUT_RETURN_TYPE = YES_ERROR;
				GCC_WARN_UNDECLARED_SELECTOR = YES;
				GCC_WARN_UNINITIALIZED_AUTOS = YES_AGGRESSIVE;
				GCC_WARN_UNUSED_FUNCTION = YES;
				GCC_WARN_UNUSED_VARIABLE = YES;
				IPHONEOS_DEPLOYMENT_TARGET = 17.0;
				LOCALIZATION_PREFERS_STRING_CATALOGS = YES;
				MTL_ENABLE_DEBUG_INFO = INCLUDE_SOURCE;
				MTL_FAST_MATH = YES;
				ONLY_ACTIVE_ARCH = YES;
				SDKROOT = iphoneos;
				SWIFT_ACTIVE_COMPILATION_CONDITIONS = "DEBUG $(inherited)";
				SWIFT_OPTIMIZATION_LEVEL = "-Onone";
			};
			name = Debug;
		};
		0C07CE952B2CCAB600B14FC0 /* Release */ = {
			isa = XCBuildConfiguration;
			buildSettings = {
				ALWAYS_SEARCH_USER_PATHS = NO;
				ASSETCATALOG_COMPILER_GENERATE_SWIFT_ASSET_SYMBOL_EXTENSIONS = YES;
				CLANG_ANALYZER_NONNULL = YES;
				CLANG_ANALYZER_NUMBER_OBJECT_CONVERSION = YES_AGGRESSIVE;
				CLANG_CXX_LANGUAGE_STANDARD = "gnu++20";
				CLANG_ENABLE_MODULES = YES;
				CLANG_ENABLE_OBJC_ARC = YES;
				CLANG_ENABLE_OBJC_WEAK = YES;
				CLANG_WARN_BLOCK_CAPTURE_AUTORELEASING = YES;
				CLANG_WARN_BOOL_CONVERSION = YES;
				CLANG_WARN_COMMA = YES;
				CLANG_WARN_CONSTANT_CONVERSION = YES;
				CLANG_WARN_DEPRECATED_OBJC_IMPLEMENTATIONS = YES;
				CLANG_WARN_DIRECT_OBJC_ISA_USAGE = YES_ERROR;
				CLANG_WARN_DOCUMENTATION_COMMENTS = YES;
				CLANG_WARN_EMPTY_BODY = YES;
				CLANG_WARN_ENUM_CONVERSION = YES;
				CLANG_WARN_INFINITE_RECURSION = YES;
				CLANG_WARN_INT_CONVERSION = YES;
				CLANG_WARN_NON_LITERAL_NULL_CONVERSION = YES;
				CLANG_WARN_OBJC_IMPLICIT_RETAIN_SELF = YES;
				CLANG_WARN_OBJC_LITERAL_CONVERSION = YES;
				CLANG_WARN_OBJC_ROOT_CLASS = YES_ERROR;
				CLANG_WARN_QUOTED_INCLUDE_IN_FRAMEWORK_HEADER = YES;
				CLANG_WARN_RANGE_LOOP_ANALYSIS = YES;
				CLANG_WARN_STRICT_PROTOTYPES = YES;
				CLANG_WARN_SUSPICIOUS_MOVE = YES;
				CLANG_WARN_UNGUARDED_AVAILABILITY = YES_AGGRESSIVE;
				CLANG_WARN_UNREACHABLE_CODE = YES;
				CLANG_WARN__DUPLICATE_METHOD_MATCH = YES;
				COPY_PHASE_STRIP = NO;
				DEBUG_INFORMATION_FORMAT = "dwarf-with-dsym";
				ENABLE_NS_ASSERTIONS = NO;
				ENABLE_STRICT_OBJC_MSGSEND = YES;
				ENABLE_USER_SCRIPT_SANDBOXING = YES;
				GCC_C_LANGUAGE_STANDARD = gnu17;
				GCC_NO_COMMON_BLOCKS = YES;
				GCC_WARN_64_TO_32_BIT_CONVERSION = YES;
				GCC_WARN_ABOUT_RETURN_TYPE = YES_ERROR;
				GCC_WARN_UNDECLARED_SELECTOR = YES;
				GCC_WARN_UNINITIALIZED_AUTOS = YES_AGGRESSIVE;
				GCC_WARN_UNUSED_FUNCTION = YES;
				GCC_WARN_UNUSED_VARIABLE = YES;
				IPHONEOS_DEPLOYMENT_TARGET = 17.0;
				LOCALIZATION_PREFERS_STRING_CATALOGS = YES;
				MTL_ENABLE_DEBUG_INFO = NO;
				MTL_FAST_MATH = YES;
				SDKROOT = iphoneos;
				SWIFT_COMPILATION_MODE = wholemodule;
				VALIDATE_PRODUCT = YES;
			};
			name = Release;
		};
		0C07CE972B2CCAB600B14FC0 /* Debug */ = {
			isa = XCBuildConfiguration;
			buildSettings = {
				ASSETCATALOG_COMPILER_APPICON_NAME = AppIcon;
				ASSETCATALOG_COMPILER_GLOBAL_ACCENT_COLOR_NAME = AccentColor;
				CODE_SIGN_STYLE = Automatic;
				CURRENT_PROJECT_VERSION = 1;
				DEVELOPMENT_ASSET_PATHS = "\"Flexify/Preview Content\"";
				DEVELOPMENT_TEAM = VMV4SR6X96;
				ENABLE_PREVIEWS = YES;
				GENERATE_INFOPLIST_FILE = YES;
				INFOPLIST_KEY_NSCameraUsageDescription = "\"We use your camera to track wrist motion\"";
				INFOPLIST_KEY_UIApplicationSceneManifest_Generation = YES;
				INFOPLIST_KEY_UIApplicationSupportsIndirectInputEvents = YES;
				INFOPLIST_KEY_UILaunchScreen_Generation = YES;
				INFOPLIST_KEY_UISupportedInterfaceOrientations_iPad = "UIInterfaceOrientationPortrait UIInterfaceOrientationPortraitUpsideDown UIInterfaceOrientationLandscapeLeft UIInterfaceOrientationLandscapeRight";
				INFOPLIST_KEY_UISupportedInterfaceOrientations_iPhone = "UIInterfaceOrientationPortrait UIInterfaceOrientationLandscapeLeft UIInterfaceOrientationLandscapeRight";
				LD_RUNPATH_SEARCH_PATHS = (
					"$(inherited)",
					"@executable_path/Frameworks",
				);
				MARKETING_VERSION = 1.0;
				PRODUCT_BUNDLE_IDENTIFIER = com.azimjiwani.Flexify;
				PRODUCT_NAME = "$(TARGET_NAME)";
				SWIFT_EMIT_LOC_STRINGS = YES;
				SWIFT_VERSION = 5.0;
				TARGETED_DEVICE_FAMILY = "1,2";
			};
			name = Debug;
		};
		0C07CE982B2CCAB600B14FC0 /* Release */ = {
			isa = XCBuildConfiguration;
			buildSettings = {
				ASSETCATALOG_COMPILER_APPICON_NAME = AppIcon;
				ASSETCATALOG_COMPILER_GLOBAL_ACCENT_COLOR_NAME = AccentColor;
				CODE_SIGN_STYLE = Automatic;
				CURRENT_PROJECT_VERSION = 1;
				DEVELOPMENT_ASSET_PATHS = "\"Flexify/Preview Content\"";
				DEVELOPMENT_TEAM = VMV4SR6X96;
				ENABLE_PREVIEWS = YES;
				GENERATE_INFOPLIST_FILE = YES;
				INFOPLIST_KEY_NSCameraUsageDescription = "\"We use your camera to track wrist motion\"";
				INFOPLIST_KEY_UIApplicationSceneManifest_Generation = YES;
				INFOPLIST_KEY_UIApplicationSupportsIndirectInputEvents = YES;
				INFOPLIST_KEY_UILaunchScreen_Generation = YES;
				INFOPLIST_KEY_UISupportedInterfaceOrientations_iPad = "UIInterfaceOrientationPortrait UIInterfaceOrientationPortraitUpsideDown UIInterfaceOrientationLandscapeLeft UIInterfaceOrientationLandscapeRight";
				INFOPLIST_KEY_UISupportedInterfaceOrientations_iPhone = "UIInterfaceOrientationPortrait UIInterfaceOrientationLandscapeLeft UIInterfaceOrientationLandscapeRight";
				LD_RUNPATH_SEARCH_PATHS = (
					"$(inherited)",
					"@executable_path/Frameworks",
				);
				MARKETING_VERSION = 1.0;
				PRODUCT_BUNDLE_IDENTIFIER = com.azimjiwani.Flexify;
				PRODUCT_NAME = "$(TARGET_NAME)";
				SWIFT_EMIT_LOC_STRINGS = YES;
				SWIFT_VERSION = 5.0;
				TARGETED_DEVICE_FAMILY = "1,2";
			};
			name = Release;
		};
/* End XCBuildConfiguration section */

/* Begin XCConfigurationList section */
		0C07CE832B2CCAB400B14FC0 /* Build configuration list for PBXProject "Flexify" */ = {
			isa = XCConfigurationList;
			buildConfigurations = (
				0C07CE942B2CCAB600B14FC0 /* Debug */,
				0C07CE952B2CCAB600B14FC0 /* Release */,
			);
			defaultConfigurationIsVisible = 0;
			defaultConfigurationName = Release;
		};
		0C07CE962B2CCAB600B14FC0 /* Build configuration list for PBXNativeTarget "Flexify" */ = {
			isa = XCConfigurationList;
			buildConfigurations = (
				0C07CE972B2CCAB600B14FC0 /* Debug */,
				0C07CE982B2CCAB600B14FC0 /* Release */,
			);
			defaultConfigurationIsVisible = 0;
			defaultConfigurationName = Release;
		};
/* End XCConfigurationList section */

/* Begin XCRemoteSwiftPackageReference section */
		0C07CE992B2CCCEB00B14FC0 /* XCRemoteSwiftPackageReference "quickpose-ios-sdk" */ = {
			isa = XCRemoteSwiftPackageReference;
			repositoryURL = "https://github.com/quickpose/quickpose-ios-sdk.git";
			requirement = {
				branch = main;
				kind = branch;
			};
		};
/* End XCRemoteSwiftPackageReference section */

/* Begin XCSwiftPackageProductDependency section */
		0C07CE9A2B2CCCEB00B14FC0 /* QuickPoseCamera */ = {
			isa = XCSwiftPackageProductDependency;
			package = 0C07CE992B2CCCEB00B14FC0 /* XCRemoteSwiftPackageReference "quickpose-ios-sdk" */;
			productName = QuickPoseCamera;
		};
		0C07CE9C2B2CCCEB00B14FC0 /* QuickPoseCore */ = {
			isa = XCSwiftPackageProductDependency;
			package = 0C07CE992B2CCCEB00B14FC0 /* XCRemoteSwiftPackageReference "quickpose-ios-sdk" */;
			productName = QuickPoseCore;
		};
		0C07CE9E2B2CCCEB00B14FC0 /* QuickPoseMP */ = {
			isa = XCSwiftPackageProductDependency;
			package = 0C07CE992B2CCCEB00B14FC0 /* XCRemoteSwiftPackageReference "quickpose-ios-sdk" */;
			productName = QuickPoseMP;
		};
		0C07CEA02B2CCCEB00B14FC0 /* QuickPoseSwiftUI */ = {
			isa = XCSwiftPackageProductDependency;
			package = 0C07CE992B2CCCEB00B14FC0 /* XCRemoteSwiftPackageReference "quickpose-ios-sdk" */;
			productName = QuickPoseSwiftUI;
		};
/* End XCSwiftPackageProductDependency section */
	};
	rootObject = 0C07CE802B2CCAB400B14FC0 /* Project object */;
}
